
Microsoft Visual Studio Solution File, Format Version 12.00
# Visual Studio Version 17
VisualStudioVersion = 17.2.32505.173
MinimumVisualStudioVersion = 10.0.40219.1
Project("{9A19103F-16F7-4668-BE54-9A1E7A4F7556}") = "GalleryOfLuna", "src\GalleryOfLuna\GalleryOfLuna.csproj", "{AC64135C-A470-4603-B18F-5500701F4252}"
EndProject
Project("{9A19103F-16F7-4668-BE54-9A1E7A4F7556}") = "GalleryOfLuna.Model", "src\GalleryOfLuna.Model\GalleryOfLuna.Model.csproj", "{C62CEED5-C405-402C-AB6E-FC56DD2D17C0}"
EndProject
Project("{9A19103F-16F7-4668-BE54-9A1E7A4F7556}") = "GalleryOfLuna.Abstractions", "src\GalleryOfLuna.Abstractions\GalleryOfLuna.Abstractions.csproj", "{E896F0B2-2F06-46AC-846D-DB93552FD298}"
EndProject
Project("{9A19103F-16F7-4668-BE54-9A1E7A4F7556}") = "GalleryOfLuna.ImageProvider.Derpibooru", "src\GalleryOfLuna.ImageProvider.Derpibooru\GalleryOfLuna.ImageProvider.Derpibooru.csproj", "{D5E67D41-123D-4894-9F0D-79B1B5B74B76}"
EndProject
Project("{9A19103F-16F7-4668-BE54-9A1E7A4F7556}") = "GalleryOfLuna.Philomena", "dep\GalleryOfLuna.Philomena\src\GalleryOfLuna.Philomena\GalleryOfLuna.Philomena.csproj", "{00359DF3-94B1-47BF-992E-663F6576A7E0}"
EndProject
Project("{2150E333-8FDC-42A3-9474-1A3956D46DE8}") = "Solution Items", "Solution Items", "{A24336A9-ADC8-45E8-8F2B-CD61F4208CC7}"
	ProjectSection(SolutionItems) = preProject
		.editorconfig = .editorconfig
		Directory.Build.props = Directory.Build.props
		global.json = global.json
	EndProjectSection
EndProject
Project("{9A19103F-16F7-4668-BE54-9A1E7A4F7556}") = "GalleryOfLuna.Philomena.Tests", "dep\GalleryOfLuna.Philomena\test\GalleryOfLuna.Philomena.Tests\GalleryOfLuna.Philomena.Tests.csproj", "{7462BA47-EF3F-4EC4-94A2-F90C0FE8D16A}"
EndProject
Project("{9A19103F-16F7-4668-BE54-9A1E7A4F7556}") = "GalleryOfLuna.Vk", "src\GalleryOfLuna.Vk\GalleryOfLuna.Vk.csproj", "{DF5BC14D-75C9-499C-AACE-3B130C90E031}"
EndProject
Project("{9A19103F-16F7-4668-BE54-9A1E7A4F7556}") = "GalleryOfLuna.Derpibooru.EntityFramework", "src\GalleryOfLuna.Derpibooru.EntityFramework\GalleryOfLuna.Derpibooru.EntityFramework.csproj", "{E8FB3196-4D7E-49A2-8DF6-1B2D1E854B29}"
EndProject
Project("{9A19103F-16F7-4668-BE54-9A1E7A4F7556}") = "GalleryOfLuna.EntityFramework", "src\GalleryOfLuna.EntityFramework\GalleryOfLuna.EntityFramework.csproj", "{0655309D-7B5B-4C0F-BD09-ADF0764032F1}"
EndProject
Project("{9A19103F-16F7-4668-BE54-9A1E7A4F7556}") = "GalleryOfLuna.EntityFramework.PostgreSQL", "src\GalleryOfLuna.EntityFramework.PostgreSQL\GalleryOfLuna.EntityFramework.PostgreSQL.csproj", "{2AE5CCFF-7194-463C-B479-EB956418C6A9}"
EndProject
Project("{9A19103F-16F7-4668-BE54-9A1E7A4F7556}") = "GalleryOfLuna.EntityFramework.Sqlite", "src\GalleryOfLuna.EntityFramework.Sqlite\GalleryOfLuna.EntityFramework.Sqlite.csproj", "{C92FFEE6-7300-4148-AA79-9B60D53A41A9}"
EndProject
Project("{2150E333-8FDC-42A3-9474-1A3956D46DE8}") = "tools", "tools", "{276857A2-77A6-4A84-8E46-0CA14ECD2211}"
EndProject
Project("{2150E333-8FDC-42A3-9474-1A3956D46DE8}") = "pg-derpibooru-dump", "pg-derpibooru-dump", "{7B2B81FF-C7FE-4E07-90D3-AEBC1990B210}"
	ProjectSection(SolutionItems) = preProject
		tools\pg-derpibooru-dump\add-wilson-score.sql = tools\pg-derpibooru-dump\add-wilson-score.sql
		tools\pg-derpibooru-dump\Dockerfile = tools\pg-derpibooru-dump\Dockerfile
		tools\pg-derpibooru-dump\restore.sh = tools\pg-derpibooru-dump\restore.sh
	EndProjectSection
EndProject
Global
	GlobalSection(SolutionConfigurationPlatforms) = preSolution
		Debug|Any CPU = Debug|Any CPU
		Release|Any CPU = Release|Any CPU
	EndGlobalSection
	GlobalSection(ProjectConfigurationPlatforms) = postSolution
		{AC64135C-A470-4603-B18F-5500701F4252}.Debug|Any CPU.ActiveCfg = Debug|Any CPU
		{AC64135C-A470-4603-B18F-5500701F4252}.Debug|Any CPU.Build.0 = Debug|Any CPU
		{AC64135C-A470-4603-B18F-5500701F4252}.Release|Any CPU.ActiveCfg = Release|Any CPU
		{AC64135C-A470-4603-B18F-5500701F4252}.Release|Any CPU.Build.0 = Release|Any CPU
		{C62CEED5-C405-402C-AB6E-FC56DD2D17C0}.Debug|Any CPU.ActiveCfg = Debug|Any CPU
		{C62CEED5-C405-402C-AB6E-FC56DD2D17C0}.Debug|Any CPU.Build.0 = Debug|Any CPU
		{C62CEED5-C405-402C-AB6E-FC56DD2D17C0}.Release|Any CPU.ActiveCfg = Release|Any CPU
		{C62CEED5-C405-402C-AB6E-FC56DD2D17C0}.Release|Any CPU.Build.0 = Release|Any CPU
		{E896F0B2-2F06-46AC-846D-DB93552FD298}.Debug|Any CPU.ActiveCfg = Debug|Any CPU
		{E896F0B2-2F06-46AC-846D-DB93552FD298}.Debug|Any CPU.Build.0 = Debug|Any CPU
		{E896F0B2-2F06-46AC-846D-DB93552FD298}.Release|Any CPU.ActiveCfg = Release|Any CPU
		{E896F0B2-2F06-46AC-846D-DB93552FD298}.Release|Any CPU.Build.0 = Release|Any CPU
		{D5E67D41-123D-4894-9F0D-79B1B5B74B76}.Debug|Any CPU.ActiveCfg = Debug|Any CPU
		{D5E67D41-123D-4894-9F0D-79B1B5B74B76}.Debug|Any CPU.Build.0 = Debug|Any CPU
		{D5E67D41-123D-4894-9F0D-79B1B5B74B76}.Release|Any CPU.ActiveCfg = Release|Any CPU
		{D5E67D41-123D-4894-9F0D-79B1B5B74B76}.Release|Any CPU.Build.0 = Release|Any CPU
		{00359DF3-94B1-47BF-992E-663F6576A7E0}.Debug|Any CPU.ActiveCfg = Debug|Any CPU
		{00359DF3-94B1-47BF-992E-663F6576A7E0}.Debug|Any CPU.Build.0 = Debug|Any CPU
		{00359DF3-94B1-47BF-992E-663F6576A7E0}.Release|Any CPU.ActiveCfg = Release|Any CPU
		{00359DF3-94B1-47BF-992E-663F6576A7E0}.Release|Any CPU.Build.0 = Release|Any CPU
		{7462BA47-EF3F-4EC4-94A2-F90C0FE8D16A}.Debug|Any CPU.ActiveCfg = Debug|Any CPU
		{7462BA47-EF3F-4EC4-94A2-F90C0FE8D16A}.Debug|Any CPU.Build.0 = Debug|Any CPU
		{7462BA47-EF3F-4EC4-94A2-F90C0FE8D16A}.Release|Any CPU.ActiveCfg = Release|Any CPU
		{7462BA47-EF3F-4EC4-94A2-F90C0FE8D16A}.Release|Any CPU.Build.0 = Release|Any CPU
		{DF5BC14D-75C9-499C-AACE-3B130C90E031}.Debug|Any CPU.ActiveCfg = Debug|Any CPU
		{DF5BC14D-75C9-499C-AACE-3B130C90E031}.Debug|Any CPU.Build.0 = Debug|Any CPU
		{DF5BC14D-75C9-499C-AACE-3B130C90E031}.Release|Any CPU.ActiveCfg = Release|Any CPU
		{DF5BC14D-75C9-499C-AACE-3B130C90E031}.Release|Any CPU.Build.0 = Release|Any CPU
		{E8FB3196-4D7E-49A2-8DF6-1B2D1E854B29}.Debug|Any CPU.ActiveCfg = Debug|Any CPU
		{E8FB3196-4D7E-49A2-8DF6-1B2D1E854B29}.Debug|Any CPU.Build.0 = Debug|Any CPU
		{E8FB3196-4D7E-49A2-8DF6-1B2D1E854B29}.Release|Any CPU.ActiveCfg = Release|Any CPU
		{E8FB3196-4D7E-49A2-8DF6-1B2D1E854B29}.Release|Any CPU.Build.0 = Release|Any CPU
		{0655309D-7B5B-4C0F-BD09-ADF0764032F1}.Debug|Any CPU.ActiveCfg = Debug|Any CPU
		{0655309D-7B5B-4C0F-BD09-ADF0764032F1}.Debug|Any CPU.Build.0 = Debug|Any CPU
		{0655309D-7B5B-4C0F-BD09-ADF0764032F1}.Release|Any CPU.ActiveCfg = Release|Any CPU
		{0655309D-7B5B-4C0F-BD09-ADF0764032F1}.Release|Any CPU.Build.0 = Release|Any CPU
		{2AE5CCFF-7194-463C-B479-EB956418C6A9}.Debug|Any CPU.ActiveCfg = Debug|Any CPU
		{2AE5CCFF-7194-463C-B479-EB956418C6A9}.Debug|Any CPU.Build.0 = Debug|Any CPU
		{2AE5CCFF-7194-463C-B479-EB956418C6A9}.Release|Any CPU.ActiveCfg = Release|Any CPU
		{2AE5CCFF-7194-463C-B479-EB956418C6A9}.Release|Any CPU.Build.0 = Release|Any CPU
		{C92FFEE6-7300-4148-AA79-9B60D53A41A9}.Debug|Any CPU.ActiveCfg = Debug|Any CPU
		{C92FFEE6-7300-4148-AA79-9B60D53A41A9}.Debug|Any CPU.Build.0 = Debug|Any CPU
		{C92FFEE6-7300-4148-AA79-9B60D53A41A9}.Release|Any CPU.ActiveCfg = Release|Any CPU
		{C92FFEE6-7300-4148-AA79-9B60D53A41A9}.Release|Any CPU.Build.0 = Release|Any CPU
	EndGlobalSection
	GlobalSection(SolutionProperties) = preSolution
		HideSolutionNode = FALSE
	EndGlobalSection
	GlobalSection(NestedProjects) = preSolution
		{7B2B81FF-C7FE-4E07-90D3-AEBC1990B210} = {276857A2-77A6-4A84-8E46-0CA14ECD2211}
	EndGlobalSection
	GlobalSection(ExtensibilityGlobals) = postSolution
		SolutionGuid = {8A0CCF45-3B4E-4B78-AB7F-59E01E3DD611}
	EndGlobalSection
EndGlobal
